
Microsoft Visual Studio Solution File, Format Version 12.00
# Visual Studio Version 17
VisualStudioVersion = 17.14.36908.2 d17.14
MinimumVisualStudioVersion = 10.0.40219.1
Project("{FAE04EC0-301F-11D3-BF4B-00C04F79EFBC}") = "Coachly.Shared", "Coachly.Shared.csproj", "{153E3CEE-3761-488A-A09A-5F76AC22400B}"
EndProject
Global
	GlobalSection(SolutionConfigurationPlatforms) = preSolution
		Debug|Any CPU = Debug|Any CPU
		Release|Any CPU = Release|Any CPU
	EndGlobalSection
	GlobalSection(ProjectConfigurationPlatforms) = postSolution
		{153E3CEE-3761-488A-A09A-5F76AC22400B}.Debug|Any CPU.ActiveCfg = Debug|Any CPU
		{153E3CEE-3761-488A-A09A-5F76AC22400B}.Debug|Any CPU.Build.0 = Debug|Any CPU
		{153E3CEE-3761-488A-A09A-5F76AC22400B}.Release|Any CPU.ActiveCfg = Release|Any CPU
		{153E3CEE-3761-488A-A09A-5F76AC22400B}.Release|Any CPU.Build.0 = Release|Any CPU
	EndGlobalSection
	GlobalSection(SolutionProperties) = preSolution
		HideSolutionNode = FALSE
	EndGlobalSection
	GlobalSection(ExtensibilityGlobals) = postSolution
		SolutionGuid = {346BF3CF-1BA0-4A4B-A189-99BD46D9DB9A}
	EndGlobalSection
EndGlobal
